
Microsoft Visual Studio Solution File, Format Version 12.00
# Visual Studio Version 17
VisualStudioVersion = 17.6.33801.468
MinimumVisualStudioVersion = 10.0.40219.1
Project("{9A19103F-16F7-4668-BE54-9A1E7A4F7556}") = "Sl.Domain", "Sl.Domain\Sl.Domain.csproj", "{54741C8F-3B28-4BB1-8154-C04266233F51}"
EndProject
Project("{FAE04EC0-301F-11D3-BF4B-00C04F79EFBC}") = "Sl.Tests", "Sl.Tests\Sl.Tests.csproj", "{3E0D4F68-0DA0-4B48-9134-056CA48C7604}"
EndProject
Global
	GlobalSection(SolutionConfigurationPlatforms) = preSolution
		Debug|Any CPU = Debug|Any CPU
		Release|Any CPU = Release|Any CPU
	EndGlobalSection
	GlobalSection(ProjectConfigurationPlatforms) = postSolution
		{54741C8F-3B28-4BB1-8154-C04266233F51}.Debug|Any CPU.ActiveCfg = Debug|Any CPU
		{54741C8F-3B28-4BB1-8154-C04266233F51}.Debug|Any CPU.Build.0 = Debug|Any CPU
		{54741C8F-3B28-4BB1-8154-C04266233F51}.Release|Any CPU.ActiveCfg = Release|Any CPU
		{54741C8F-3B28-4BB1-8154-C04266233F51}.Release|Any CPU.Build.0 = Release|Any CPU
		{3E0D4F68-0DA0-4B48-9134-056CA48C7604}.Debug|Any CPU.ActiveCfg = Debug|Any CPU
		{3E0D4F68-0DA0-4B48-9134-056CA48C7604}.Debug|Any CPU.Build.0 = Debug|Any CPU
		{3E0D4F68-0DA0-4B48-9134-056CA48C7604}.Release|Any CPU.ActiveCfg = Release|Any CPU
		{3E0D4F68-0DA0-4B48-9134-056CA48C7604}.Release|Any CPU.Build.0 = Release|Any CPU
	EndGlobalSection
	GlobalSection(SolutionProperties) = preSolution
		HideSolutionNode = FALSE
	EndGlobalSection
	GlobalSection(ExtensibilityGlobals) = postSolution
		SolutionGuid = {A5718094-6424-4521-9052-41D65D47F161}
	EndGlobalSection
EndGlobal
